
Microsoft Visual Studio Solution File, Format Version 12.00
# Visual Studio Version 17
VisualStudioVersion = 17.11.35303.130
MinimumVisualStudioVersion = 10.0.40219.1
Project("{FAE04EC0-301F-11D3-BF4B-00C04F79EFBC}") = "Exercise_WebStarter", "Exercise_WebStarter.csproj", "{69BE1BAE-4ED9-4BC2-94D0-D1C0C66B5356}"
EndProject
Global
	GlobalSection(SolutionConfigurationPlatforms) = preSolution
		Debug|Any CPU = Debug|Any CPU
		Release|Any CPU = Release|Any CPU
	EndGlobalSection
	GlobalSection(ProjectConfigurationPlatforms) = postSolution
		{69BE1BAE-4ED9-4BC2-94D0-D1C0C66B5356}.Debug|Any CPU.ActiveCfg = Debug|Any CPU
		{69BE1BAE-4ED9-4BC2-94D0-D1C0C66B5356}.Debug|Any CPU.Build.0 = Debug|Any CPU
		{69BE1BAE-4ED9-4BC2-94D0-D1C0C66B5356}.Release|Any CPU.ActiveCfg = Release|Any CPU
		{69BE1BAE-4ED9-4BC2-94D0-D1C0C66B5356}.Release|Any CPU.Build.0 = Release|Any CPU
	EndGlobalSection
	GlobalSection(SolutionProperties) = preSolution
		HideSolutionNode = FALSE
	EndGlobalSection
	GlobalSection(ExtensibilityGlobals) = postSolution
		SolutionGuid = {6A369B20-E8C3-46A4-8767-C8BAE3C5027A}
	EndGlobalSection
EndGlobal
