
Microsoft Visual Studio Solution File, Format Version 12.00
# Visual Studio Version 17
VisualStudioVersion = 17.11.35303.130
MinimumVisualStudioVersion = 10.0.40219.1
Project("{FAE04EC0-301F-11D3-BF4B-00C04F79EFBC}") = "SuperHeroAPI-DotNet8", "SuperHeroAPI-DotNet8\SuperHeroAPI-DotNet8.csproj", "{F5FEA05C-EE33-46AC-8BE1-694DEC50452A}"
EndProject
Global
	GlobalSection(SolutionConfigurationPlatforms) = preSolution
		Debug|Any CPU = Debug|Any CPU
		Release|Any CPU = Release|Any CPU
	EndGlobalSection
	GlobalSection(ProjectConfigurationPlatforms) = postSolution
		{F5FEA05C-EE33-46AC-8BE1-694DEC50452A}.Debug|Any CPU.ActiveCfg = Debug|Any CPU
		{F5FEA05C-EE33-46AC-8BE1-694DEC50452A}.Debug|Any CPU.Build.0 = Debug|Any CPU
		{F5FEA05C-EE33-46AC-8BE1-694DEC50452A}.Release|Any CPU.ActiveCfg = Release|Any CPU
		{F5FEA05C-EE33-46AC-8BE1-694DEC50452A}.Release|Any CPU.Build.0 = Release|Any CPU
	EndGlobalSection
	GlobalSection(SolutionProperties) = preSolution
		HideSolutionNode = FALSE
	EndGlobalSection
	GlobalSection(ExtensibilityGlobals) = postSolution
		SolutionGuid = {E3F742BB-4D38-47E8-AEA7-4988F69BD97F}
	EndGlobalSection
EndGlobal
